<?xml version="1.0" encoding="utf-8"?>
<Project ToolsVersion="4.0" xmlns="http://schemas.microsoft.com/developer/msbuild/2003">
  <ItemGroup>
    <Filter Include="NettEngine">
      <UniqueIdentifier>{366D2BFE-2225-6D4B-8B2C-46A77703083C}</UniqueIdentifier>
    </Filter>
    <Filter Include="NettEngine\Events">
      <UniqueIdentifier>{5A60C7A8-C676-C53E-0FEE-50607B4396C6}</UniqueIdentifier>
    </Filter>
  </ItemGroup>
  <ItemGroup>
    <ClInclude Include="src\NettEngine.h" />
    <ClInclude Include="src\NettEngine\Application.h">
      <Filter>NettEngine</Filter>
    </ClInclude>
    <ClInclude Include="src\NettEngine\Core.h">
      <Filter>NettEngine</Filter>
    </ClInclude>
    <ClInclude Include="src\NettEngine\EntryPoint.h">
      <Filter>NettEngine</Filter>
    </ClInclude>
    <ClInclude Include="src\NettEngine\Events\ApplicationEvent.h">
      <Filter>NettEngine\Events</Filter>
    </ClInclude>
    <ClInclude Include="src\NettEngine\Events\Event.h">
      <Filter>NettEngine\Events</Filter>
    </ClInclude>
    <ClInclude Include="src\NettEngine\Events\KeyEvent.h">
      <Filter>NettEngine\Events</Filter>
    </ClInclude>
    <ClInclude Include="src\NettEngine\Events\MouseEvent.h">
      <Filter>NettEngine\Events</Filter>
    </ClInclude>
    <ClInclude Include="src\NettEngine\Log.h">
      <Filter>NettEngine</Filter>
    </ClInclude>
    <ClInclude Include="src\nepch.h" />
  </ItemGroup>
  <ItemGroup>
    <ClCompile Include="src\NettEngine\Application.cpp">
      <Filter>NettEngine</Filter>
    </ClCompile>
    <ClCompile Include="src\NettEngine\Log.cpp">
      <Filter>NettEngine</Filter>
    </ClCompile>
    <ClCompile Include="src\nepch.cpp" />
  </ItemGroup>
</Project>